
Microsoft Visual Studio Solution File, Format Version 12.00
# Visual Studio Version 16
VisualStudioVersion = 16.0.30907.101
MinimumVisualStudioVersion = 10.0.40219.1
Project("{FAE04EC0-301F-11D3-BF4B-00C04F79EFBC}") = "CrudUsingDapper", "CrudUsingDapper.csproj", "{A87A9E4B-A2BD-49AD-83CC-526950B8CDAD}"
EndProject
Global
	GlobalSection(SolutionConfigurationPlatforms) = preSolution
		Debug|Any CPU = Debug|Any CPU
		Release|Any CPU = Release|Any CPU
	EndGlobalSection
	GlobalSection(ProjectConfigurationPlatforms) = postSolution
		{A87A9E4B-A2BD-49AD-83CC-526950B8CDAD}.Debug|Any CPU.ActiveCfg = Debug|Any CPU
		{A87A9E4B-A2BD-49AD-83CC-526950B8CDAD}.Debug|Any CPU.Build.0 = Debug|Any CPU
		{A87A9E4B-A2BD-49AD-83CC-526950B8CDAD}.Release|Any CPU.ActiveCfg = Release|Any CPU
		{A87A9E4B-A2BD-49AD-83CC-526950B8CDAD}.Release|Any CPU.Build.0 = Release|Any CPU
	EndGlobalSection
	GlobalSection(SolutionProperties) = preSolution
		HideSolutionNode = FALSE
	EndGlobalSection
	GlobalSection(ExtensibilityGlobals) = postSolution
		SolutionGuid = {F97F2293-40D9-426B-8A5C-305B63D334E7}
	EndGlobalSection
EndGlobal
